// !$*UTF8*$!
{
	archiveVersion = 1;
	classes = {
	};
	objectVersion = 56;
	objects = {

/* Begin PBXBuildFile section */
		A10000001 /* main.swift in Sources */ = {isa = PBXBuildFile; fileRef = A10000011 /* main.swift */; };
		A10000002 /* AppDelegate.swift in Sources */ = {isa = PBXBuildFile; fileRef = A10000012 /* AppDelegate.swift */; };
		A10000003 /* HotkeyManager.swift in Sources */ = {isa = PBXBuildFile; fileRef = A10000013 /* HotkeyManager.swift */; };
		A10000004 /* OverlayWindow.swift in Sources */ = {isa = PBXBuildFile; fileRef = A10000014 /* OverlayWindow.swift */; };
		A10000005 /* SelectionView.swift in Sources */ = {isa = PBXBuildFile; fileRef = A10000015 /* SelectionView.swift */; };
		A10000006 /* CaptureManager.swift in Sources */ = {isa = PBXBuildFile; fileRef = A10000016 /* CaptureManager.swift */; };
		A10000007 /* ThumbnailPanel.swift in Sources */ = {isa = PBXBuildFile; fileRef = A10000019 /* ThumbnailPanel.swift */; };
		A10000008 /* DrawingView.swift in Sources */ = {isa = PBXBuildFile; fileRef = A1000001A /* DrawingView.swift */; };
		A10000009 /* EditorWindow.swift in Sources */ = {isa = PBXBuildFile; fileRef = A1000001B /* EditorWindow.swift */; };
		A100000A /* ThumbnailStackManager.swift in Sources */ = {isa = PBXBuildFile; fileRef = A1000001C /* ThumbnailStackManager.swift */; };
		A100000B /* CombineButton.swift in Sources */ = {isa = PBXBuildFile; fileRef = A1000001D /* CombineButton.swift */; };
		B20000001 /* CaptureManagerTests.swift in Sources */ = {isa = PBXBuildFile; fileRef = B20000011 /* CaptureManagerTests.swift */; };
		B20000002 /* Mocks.swift in Sources */ = {isa = PBXBuildFile; fileRef = B20000012 /* Mocks.swift */; };
		C30000001 /* MenuBarTests.swift in Sources */ = {isa = PBXBuildFile; fileRef = C30000011 /* MenuBarTests.swift */; };
/* End PBXBuildFile section */

/* Begin PBXContainerItemProxy section */
		B20000020 /* PBXContainerItemProxy */ = {
			isa = PBXContainerItemProxy;
			containerPortal = A10000050 /* Project object */;
			proxyType = 1;
			remoteGlobalIDString = A10000040;
			remoteInfo = KuKa;
		};
		C30000020 /* PBXContainerItemProxy */ = {
			isa = PBXContainerItemProxy;
			containerPortal = A10000050 /* Project object */;
			proxyType = 1;
			remoteGlobalIDString = A10000040;
			remoteInfo = KuKa;
		};
/* End PBXContainerItemProxy section */

/* Begin PBXFileReference section */
		A10000010 /* KuKa.app */ = {isa = PBXFileReference; explicitFileType = wrapper.application; includeInIndex = 0; path = KuKa.app; sourceTree = BUILT_PRODUCTS_DIR; };
		A10000011 /* main.swift */ = {isa = PBXFileReference; lastKnownFileType = sourcecode.swift; path = main.swift; sourceTree = "<group>"; };
		A10000012 /* AppDelegate.swift */ = {isa = PBXFileReference; lastKnownFileType = sourcecode.swift; path = AppDelegate.swift; sourceTree = "<group>"; };
		A10000013 /* HotkeyManager.swift */ = {isa = PBXFileReference; lastKnownFileType = sourcecode.swift; path = HotkeyManager.swift; sourceTree = "<group>"; };
		A10000014 /* OverlayWindow.swift */ = {isa = PBXFileReference; lastKnownFileType = sourcecode.swift; path = OverlayWindow.swift; sourceTree = "<group>"; };
		A10000015 /* SelectionView.swift */ = {isa = PBXFileReference; lastKnownFileType = sourcecode.swift; path = SelectionView.swift; sourceTree = "<group>"; };
		A10000016 /* CaptureManager.swift */ = {isa = PBXFileReference; lastKnownFileType = sourcecode.swift; path = CaptureManager.swift; sourceTree = "<group>"; };
		A10000017 /* Info.plist */ = {isa = PBXFileReference; lastKnownFileType = text.plist.xml; path = Info.plist; sourceTree = "<group>"; };
		A10000018 /* KuKa.entitlements */ = {isa = PBXFileReference; lastKnownFileType = text.plist.entitlements; path = KuKa.entitlements; sourceTree = "<group>"; };
		A10000019 /* ThumbnailPanel.swift */ = {isa = PBXFileReference; lastKnownFileType = sourcecode.swift; path = ThumbnailPanel.swift; sourceTree = "<group>"; };
		A1000001A /* DrawingView.swift */ = {isa = PBXFileReference; lastKnownFileType = sourcecode.swift; path = DrawingView.swift; sourceTree = "<group>"; };
		A1000001B /* EditorWindow.swift */ = {isa = PBXFileReference; lastKnownFileType = sourcecode.swift; path = EditorWindow.swift; sourceTree = "<group>"; };
		A1000001C /* ThumbnailStackManager.swift */ = {isa = PBXFileReference; lastKnownFileType = sourcecode.swift; path = ThumbnailStackManager.swift; sourceTree = "<group>"; };
		A1000001D /* CombineButton.swift */ = {isa = PBXFileReference; lastKnownFileType = sourcecode.swift; path = CombineButton.swift; sourceTree = "<group>"; };
		B20000010 /* KuKaTests.xctest */ = {isa = PBXFileReference; explicitFileType = wrapper.cfbundle; includeInIndex = 0; path = KuKaTests.xctest; sourceTree = BUILT_PRODUCTS_DIR; };
		B20000011 /* CaptureManagerTests.swift */ = {isa = PBXFileReference; lastKnownFileType = sourcecode.swift; path = CaptureManagerTests.swift; sourceTree = "<group>"; };
		B20000012 /* Mocks.swift */ = {isa = PBXFileReference; lastKnownFileType = sourcecode.swift; path = Mocks.swift; sourceTree = "<group>"; };
		C30000010 /* KuKaUITests.xctest */ = {isa = PBXFileReference; explicitFileType = wrapper.cfbundle; includeInIndex = 0; path = KuKaUITests.xctest; sourceTree = BUILT_PRODUCTS_DIR; };
		C30000011 /* MenuBarTests.swift */ = {isa = PBXFileReference; lastKnownFileType = sourcecode.swift; path = MenuBarTests.swift; sourceTree = "<group>"; };
		E28DFEF72F4C8D93001B8D91 /* Assets.xcassets */ = {isa = PBXFileReference; lastKnownFileType = folder.assetcatalog; path = Assets.xcassets; sourceTree = "<group>"; };
/* End PBXFileReference section */

/* Begin PBXFrameworksBuildPhase section */
		A10000020 /* Frameworks */ = {
			isa = PBXFrameworksBuildPhase;
			buildActionMask = 2147483647;
			files = (
			);
			runOnlyForDeploymentPostprocessing = 0;
		};
		B20000030 /* Frameworks */ = {
			isa = PBXFrameworksBuildPhase;
			buildActionMask = 2147483647;
			files = (
			);
			runOnlyForDeploymentPostprocessing = 0;
		};
		C30000030 /* Frameworks */ = {
			isa = PBXFrameworksBuildPhase;
			buildActionMask = 2147483647;
			files = (
			);
			runOnlyForDeploymentPostprocessing = 0;
		};
/* End PBXFrameworksBuildPhase section */

/* Begin PBXGroup section */
		A10000030 = {
			isa = PBXGroup;
			children = (
				A10000031 /* KuKa */,
				B20000031 /* KuKaTests */,
				C30000031 /* KuKaUITests */,
				A10000032 /* Products */,
			);
			sourceTree = "<group>";
		};
		A10000031 /* KuKa */ = {
			isa = PBXGroup;
			children = (
				A10000011 /* main.swift */,
				A10000012 /* AppDelegate.swift */,
				A10000013 /* HotkeyManager.swift */,
				A10000014 /* OverlayWindow.swift */,
				A10000015 /* SelectionView.swift */,
				A10000016 /* CaptureManager.swift */,
				A10000019 /* ThumbnailPanel.swift */,
				A1000001C /* ThumbnailStackManager.swift */,
				A1000001D /* CombineButton.swift */,
				A1000001A /* DrawingView.swift */,
				A1000001B /* EditorWindow.swift */,
				A10000017 /* Info.plist */,
				A10000018 /* KuKa.entitlements */,
				E28DFEF72F4C8D93001B8D91 /* Assets.xcassets */,
			);
			path = KuKa;
			sourceTree = "<group>";
		};
		A10000032 /* Products */ = {
			isa = PBXGroup;
			children = (
				A10000010 /* KuKa.app */,
				B20000010 /* KuKaTests.xctest */,
				C30000010 /* KuKaUITests.xctest */,
			);
			name = Products;
			sourceTree = "<group>";
		};
		B20000031 /* KuKaTests */ = {
			isa = PBXGroup;
			children = (
				B20000011 /* CaptureManagerTests.swift */,
				B20000012 /* Mocks.swift */,
			);
			path = KuKaTests;
			sourceTree = "<group>";
		};
		C30000031 /* KuKaUITests */ = {
			isa = PBXGroup;
			children = (
				C30000011 /* MenuBarTests.swift */,
			);
			path = KuKaUITests;
			sourceTree = "<group>";
		};
/* End PBXGroup section */

/* Begin PBXNativeTarget section */
		A10000040 /* KuKa */ = {
			isa = PBXNativeTarget;
			buildConfigurationList = A10000060 /* Build configuration list for PBXNativeTarget "KuKa" */;
			buildPhases = (
				A10000041 /* Sources */,
				A10000020 /* Frameworks */,
			);
			buildRules = (
			);
			dependencies = (
			);
			name = KuKa;
			productName = KuKa;
			productReference = A10000010 /* KuKa.app */;
			productType = "com.apple.product-type.application";
		};
		B20000040 /* KuKaTests */ = {
			isa = PBXNativeTarget;
			buildConfigurationList = B20000060 /* Build configuration list for PBXNativeTarget "KuKaTests" */;
			buildPhases = (
				B20000041 /* Sources */,
				B20000030 /* Frameworks */,
			);
			buildRules = (
			);
			dependencies = (
				B20000021 /* PBXTargetDependency */,
			);
			name = KuKaTests;
			productName = KuKaTests;
			productReference = B20000010 /* KuKaTests.xctest */;
			productType = "com.apple.product-type.bundle.unit-test";
		};
		C30000040 /* KuKaUITests */ = {
			isa = PBXNativeTarget;
			buildConfigurationList = C30000060 /* Build configuration list for PBXNativeTarget "KuKaUITests" */;
			buildPhases = (
				C30000041 /* Sources */,
				C30000030 /* Frameworks */,
			);
			buildRules = (
			);
			dependencies = (
				C30000021 /* PBXTargetDependency */,
			);
			name = KuKaUITests;
			productName = KuKaUITests;
			productReference = C30000010 /* KuKaUITests.xctest */;
			productType = "com.apple.product-type.bundle.ui-testing";
		};
/* End PBXNativeTarget section */

/* Begin PBXProject section */
		A10000050 /* Project object */ = {
			isa = PBXProject;
			attributes = {
				BuildIndependentTargetsInParallel = 1;
				LastSwiftUpdateCheck = 1500;
				LastUpgradeCheck = 1500;
			};
			buildConfigurationList = A10000070 /* Build configuration list for PBXProject "KuKa" */;
			compatibilityVersion = "Xcode 14.0";
			developmentRegion = en;
			hasScannedForEncodings = 0;
			knownRegions = (
				en,
				Base,
			);
			mainGroup = A10000030;
			productRefGroup = A10000032 /* Products */;
			projectDirPath = "";
			projectRoot = "";
			targets = (
				A10000040 /* KuKa */,
				B20000040 /* KuKaTests */,
				C30000040 /* KuKaUITests */,
			);
		};
/* End PBXProject section */

/* Begin PBXSourcesBuildPhase section */
		A10000041 /* Sources */ = {
			isa = PBXSourcesBuildPhase;
			buildActionMask = 2147483647;
			files = (
				A10000001 /* main.swift in Sources */,
				A10000002 /* AppDelegate.swift in Sources */,
				A10000003 /* HotkeyManager.swift in Sources */,
				A10000004 /* OverlayWindow.swift in Sources */,
				A10000005 /* SelectionView.swift in Sources */,
				A10000006 /* CaptureManager.swift in Sources */,
				A10000007 /* ThumbnailPanel.swift in Sources */,
				A10000008 /* DrawingView.swift in Sources */,
				A10000009 /* EditorWindow.swift in Sources */,
				A100000A /* ThumbnailStackManager.swift in Sources */,
				A100000B /* CombineButton.swift in Sources */,
			);
			runOnlyForDeploymentPostprocessing = 0;
		};
		B20000041 /* Sources */ = {
			isa = PBXSourcesBuildPhase;
			buildActionMask = 2147483647;
			files = (
				B20000001 /* CaptureManagerTests.swift in Sources */,
				B20000002 /* Mocks.swift in Sources */,
			);
			runOnlyForDeploymentPostprocessing = 0;
		};
		C30000041 /* Sources */ = {
			isa = PBXSourcesBuildPhase;
			buildActionMask = 2147483647;
			files = (
				C30000001 /* MenuBarTests.swift in Sources */,
			);
			runOnlyForDeploymentPostprocessing = 0;
		};
/* End PBXSourcesBuildPhase section */

/* Begin PBXTargetDependency section */
		B20000021 /* PBXTargetDependency */ = {
			isa = PBXTargetDependency;
			target = A10000040 /* KuKa */;
			targetProxy = B20000020 /* PBXContainerItemProxy */;
		};
		C30000021 /* PBXTargetDependency */ = {
			isa = PBXTargetDependency;
			target = A10000040 /* KuKa */;
			targetProxy = C30000020 /* PBXContainerItemProxy */;
		};
/* End PBXTargetDependency section */

/* Begin XCBuildConfiguration section */
		A10000061 /* Debug */ = {
			isa = XCBuildConfiguration;
			buildSettings = {
				ASSETCATALOG_COMPILER_APPICON_NAME = AppIcon;
				CODE_SIGN_ENTITLEMENTS = KuKa/KuKa.entitlements;
				CODE_SIGN_STYLE = Automatic;
				COMBINE_HIDPI_IMAGES = YES;
				DEFINES_MODULE = YES;
				ENABLE_TESTABILITY = YES;
				ENABLE_TESTING_SEARCH_PATHS = YES;
				INFOPLIST_FILE = KuKa/Info.plist;
				MACOSX_DEPLOYMENT_TARGET = 13.0;
				PRODUCT_BUNDLE_IDENTIFIER = com.kuka.screenshot;
				PRODUCT_NAME = "$(TARGET_NAME)";
				SWIFT_VERSION = 5.0;
			};
			name = Debug;
		};
		A10000062 /* Release */ = {
			isa = XCBuildConfiguration;
			buildSettings = {
				ASSETCATALOG_COMPILER_APPICON_NAME = AppIcon;
				CODE_SIGN_ENTITLEMENTS = KuKa/KuKa.entitlements;
				CODE_SIGN_STYLE = Automatic;
				COMBINE_HIDPI_IMAGES = YES;
				DEFINES_MODULE = YES;
				ENABLE_TESTING_SEARCH_PATHS = YES;
				INFOPLIST_FILE = KuKa/Info.plist;
				MACOSX_DEPLOYMENT_TARGET = 13.0;
				PRODUCT_BUNDLE_IDENTIFIER = com.kuka.screenshot;
				PRODUCT_NAME = "$(TARGET_NAME)";
				SWIFT_VERSION = 5.0;
			};
			name = Release;
		};
		B20000061 /* Debug */ = {
			isa = XCBuildConfiguration;
			buildSettings = {
				BUNDLE_LOADER = "$(TEST_HOST)";
				CODE_SIGN_STYLE = Automatic;
				GENERATE_INFOPLIST_FILE = YES;
				MACOSX_DEPLOYMENT_TARGET = 14.0;
				PRODUCT_BUNDLE_IDENTIFIER = com.kuka.screenshot.tests;
				PRODUCT_NAME = "$(TARGET_NAME)";
				SWIFT_VERSION = 5.0;
				TEST_HOST = "$(BUILT_PRODUCTS_DIR)/KuKa.app/Contents/MacOS/KuKa";
			};
			name = Debug;
		};
		B20000062 /* Release */ = {
			isa = XCBuildConfiguration;
			buildSettings = {
				BUNDLE_LOADER = "$(TEST_HOST)";
				CODE_SIGN_STYLE = Automatic;
				GENERATE_INFOPLIST_FILE = YES;
				MACOSX_DEPLOYMENT_TARGET = 14.0;
				PRODUCT_BUNDLE_IDENTIFIER = com.kuka.screenshot.tests;
				PRODUCT_NAME = "$(TARGET_NAME)";
				SWIFT_VERSION = 5.0;
				TEST_HOST = "$(BUILT_PRODUCTS_DIR)/KuKa.app/Contents/MacOS/KuKa";
			};
			name = Release;
		};
		C30000061 /* Debug */ = {
			isa = XCBuildConfiguration;
			buildSettings = {
				CODE_SIGN_STYLE = Automatic;
				GENERATE_INFOPLIST_FILE = YES;
				MACOSX_DEPLOYMENT_TARGET = 14.0;
				PRODUCT_BUNDLE_IDENTIFIER = com.kuka.screenshot.uitests;
				PRODUCT_NAME = "$(TARGET_NAME)";
				SWIFT_VERSION = 5.0;
				TEST_TARGET_NAME = KuKa;
			};
			name = Debug;
		};
		C30000062 /* Release */ = {
			isa = XCBuildConfiguration;
			buildSettings = {
				CODE_SIGN_STYLE = Automatic;
				GENERATE_INFOPLIST_FILE = YES;
				MACOSX_DEPLOYMENT_TARGET = 14.0;
				PRODUCT_BUNDLE_IDENTIFIER = com.kuka.screenshot.uitests;
				PRODUCT_NAME = "$(TARGET_NAME)";
				SWIFT_VERSION = 5.0;
				TEST_TARGET_NAME = KuKa;
			};
			name = Release;
		};
		A10000071 /* Debug */ = {
			isa = XCBuildConfiguration;
			buildSettings = {
				ALWAYS_SEARCH_USER_PATHS = NO;
				CLANG_ENABLE_MODULES = YES;
				CLANG_ENABLE_OBJC_ARC = YES;
				COPY_PHASE_STRIP = NO;
				DEBUG_INFORMATION_FORMAT = dwarf;
				GCC_OPTIMIZATION_LEVEL = 0;
				MACOSX_DEPLOYMENT_TARGET = 13.0;
				ONLY_ACTIVE_ARCH = YES;
				SDKROOT = macosx;
				SWIFT_ACTIVE_COMPILATION_CONDITIONS = DEBUG;
				SWIFT_OPTIMIZATION_LEVEL = "-Onone";
			};
			name = Debug;
		};
		A10000072 /* Release */ = {
			isa = XCBuildConfiguration;
			buildSettings = {
				ALWAYS_SEARCH_USER_PATHS = NO;
				CLANG_ENABLE_MODULES = YES;
				CLANG_ENABLE_OBJC_ARC = YES;
				COPY_PHASE_STRIP = NO;
				DEBUG_INFORMATION_FORMAT = "dwarf-with-dsym";
				MACOSX_DEPLOYMENT_TARGET = 13.0;
				SDKROOT = macosx;
				SWIFT_COMPILATION_MODE = wholemodule;
				SWIFT_OPTIMIZATION_LEVEL = "-O";
			};
			name = Release;
		};
/* End XCBuildConfiguration section */

/* Begin XCConfigurationList section */
		A10000060 /* Build configuration list for PBXNativeTarget "KuKa" */ = {
			isa = XCConfigurationList;
			buildConfigurations = (
				A10000061 /* Debug */,
				A10000062 /* Release */,
			);
			defaultConfigurationIsVisible = 0;
			defaultConfigurationName = Release;
		};
		B20000060 /* Build configuration list for PBXNativeTarget "KuKaTests" */ = {
			isa = XCConfigurationList;
			buildConfigurations = (
				B20000061 /* Debug */,
				B20000062 /* Release */,
			);
			defaultConfigurationIsVisible = 0;
			defaultConfigurationName = Release;
		};
		C30000060 /* Build configuration list for PBXNativeTarget "KuKaUITests" */ = {
			isa = XCConfigurationList;
			buildConfigurations = (
				C30000061 /* Debug */,
				C30000062 /* Release */,
			);
			defaultConfigurationIsVisible = 0;
			defaultConfigurationName = Release;
		};
		A10000070 /* Build configuration list for PBXProject "KuKa" */ = {
			isa = XCConfigurationList;
			buildConfigurations = (
				A10000071 /* Debug */,
				A10000072 /* Release */,
			);
			defaultConfigurationIsVisible = 0;
			defaultConfigurationName = Release;
		};
/* End XCConfigurationList section */
	};
	rootObject = A10000050 /* Project object */;
}
